# This file is automatically @generated by Cargo.
# It is not intended for manual editing.
[[package]]
name = "derivative"
version = "1.0.3"
source = "registry+https://github.com/rust-lang/crates.io-index"
dependencies = [
 "proc-macro2 0.4.30 (registry+https://github.com/rust-lang/crates.io-index)",
 "quote 0.6.13 (registry+https://github.com/rust-lang/crates.io-index)",
 "syn 0.15.44 (registry+https://github.com/rust-lang/crates.io-index)",
]

[[package]]
name = "fnv"
version = "1.0.6"
source = "registry+https://github.com/rust-lang/crates.io-index"

[[package]]
name = "heap-vec"
version = "0.1.0"

[[package]]
name = "hufmark"
version = "0.1.0"
dependencies = [
 "derivative 1.0.3 (registry+https://github.com/rust-lang/crates.io-index)",
 "fnv 1.0.6 (registry+https://github.com/rust-lang/crates.io-index)",
 "heap-vec 0.1.0",
 "plain-map 2.0.0 (registry+https://github.com/rust-lang/crates.io-index)",
 "slice-deque 0.2.4 (registry+https://github.com/rust-lang/crates.io-index)",
]

[[package]]
name = "libc"
version = "0.2.61"
source = "registry+https://github.com/rust-lang/crates.io-index"

[[package]]
name = "mach"
version = "0.2.3"
source = "registry+https://github.com/rust-lang/crates.io-index"
dependencies = [
 "libc 0.2.61 (registry+https://github.com/rust-lang/crates.io-index)",
]

[[package]]
name = "plain-map"
version = "2.0.0"
source = "registry+https://github.com/rust-lang/crates.io-index"
dependencies = [
 "smallvec-stableunion 0.6.10 (registry+https://github.com/rust-lang/crates.io-index)",
]

[[package]]
name = "proc-macro2"
version = "0.4.30"
source = "registry+https://github.com/rust-lang/crates.io-index"
dependencies = [
 "unicode-xid 0.1.0 (registry+https://github.com/rust-lang/crates.io-index)",
]

[[package]]
name = "quote"
version = "0.6.13"
source = "registry+https://github.com/rust-lang/crates.io-index"
dependencies = [
 "proc-macro2 0.4.30 (registry+https://github.com/rust-lang/crates.io-index)",
]

[[package]]
name = "slice-deque"
version = "0.2.4"
source = "registry+https://github.com/rust-lang/crates.io-index"
dependencies = [
 "libc 0.2.61 (registry+https://github.com/rust-lang/crates.io-index)",
 "mach 0.2.3 (registry+https://github.com/rust-lang/crates.io-index)",
 "winapi 0.3.7 (registry+https://github.com/rust-lang/crates.io-index)",
]

[[package]]
name = "smallvec-stableunion"
version = "0.6.10"
source = "registry+https://github.com/rust-lang/crates.io-index"

[[package]]
name = "syn"
version = "0.15.44"
source = "registry+https://github.com/rust-lang/crates.io-index"
dependencies = [
 "proc-macro2 0.4.30 (registry+https://github.com/rust-lang/crates.io-index)",
 "quote 0.6.13 (registry+https://github.com/rust-lang/crates.io-index)",
 "unicode-xid 0.1.0 (registry+https://github.com/rust-lang/crates.io-index)",
]

[[package]]
name = "unicode-xid"
version = "0.1.0"
source = "registry+https://github.com/rust-lang/crates.io-index"

[[package]]
name = "winapi"
version = "0.3.7"
source = "registry+https://github.com/rust-lang/crates.io-index"
dependencies = [
 "winapi-i686-pc-windows-gnu 0.4.0 (registry+https://github.com/rust-lang/crates.io-index)",
 "winapi-x86_64-pc-windows-gnu 0.4.0 (registry+https://github.com/rust-lang/crates.io-index)",
]

[[package]]
name = "winapi-i686-pc-windows-gnu"
version = "0.4.0"
source = "registry+https://github.com/rust-lang/crates.io-index"

[[package]]
name = "winapi-x86_64-pc-windows-gnu"
version = "0.4.0"
source = "registry+https://github.com/rust-lang/crates.io-index"

[metadata]
"checksum derivative 1.0.3 (registry+https://github.com/rust-lang/crates.io-index)" = "942ca430eef7a3806595a6737bc388bf51adb888d3fc0dd1b50f1c170167ee3a"
"checksum fnv 1.0.6 (registry+https://github.com/rust-lang/crates.io-index)" = "2fad85553e09a6f881f739c29f0b00b0f01357c743266d478b68951ce23285f3"
"checksum libc 0.2.61 (registry+https://github.com/rust-lang/crates.io-index)" = "c665266eb592905e8503ba3403020f4b8794d26263f412ca33171600eca9a6fa"
"checksum mach 0.2.3 (registry+https://github.com/rust-lang/crates.io-index)" = "86dd2487cdfea56def77b88438a2c915fb45113c5319bfe7e14306ca4cd0b0e1"
"checksum plain-map 2.0.0 (registry+https://github.com/rust-lang/crates.io-index)" = "b8c9b98e922e5e3e8f4d5a7138409ca91edc3e51940b06529d6befc764e340dd"
"checksum proc-macro2 0.4.30 (registry+https://github.com/rust-lang/crates.io-index)" = "cf3d2011ab5c909338f7887f4fc896d35932e29146c12c8d01da6b22a80ba759"
"checksum quote 0.6.13 (registry+https://github.com/rust-lang/crates.io-index)" = "6ce23b6b870e8f94f81fb0a363d65d86675884b34a09043c81e5562f11c1f8e1"
"checksum slice-deque 0.2.4 (registry+https://github.com/rust-lang/crates.io-index)" = "ffddf594f5f597f63533d897427a570dbaa9feabaaa06595b74b71b7014507d7"
"checksum smallvec-stableunion 0.6.10 (registry+https://github.com/rust-lang/crates.io-index)" = "a30e1d870c4e4788f40a49ac6c280f2dadbfa7600153660ce8d5c6540c43de68"
"checksum syn 0.15.44 (registry+https://github.com/rust-lang/crates.io-index)" = "9ca4b3b69a77cbe1ffc9e198781b7acb0c7365a883670e8f1c1bc66fba79a5c5"
"checksum unicode-xid 0.1.0 (registry+https://github.com/rust-lang/crates.io-index)" = "fc72304796d0818e357ead4e000d19c9c174ab23dc11093ac919054d20a6a7fc"
"checksum winapi 0.3.7 (registry+https://github.com/rust-lang/crates.io-index)" = "f10e386af2b13e47c89e7236a7a14a086791a2b88ebad6df9bf42040195cf770"
"checksum winapi-i686-pc-windows-gnu 0.4.0 (registry+https://github.com/rust-lang/crates.io-index)" = "ac3b87c63620426dd9b991e5ce0329eff545bccbbb34f3be09ff6fb6ab51b7b6"
"checksum winapi-x86_64-pc-windows-gnu 0.4.0 (registry+https://github.com/rust-lang/crates.io-index)" = "712e227841d057c1ee1cd2fb22fa7e5a5461ae8e48fa2ca79ec42cfc1931183f"
